// !$*UTF8*$!
{
	archiveVersion = 1;
	classes = {
	};
	objectVersion = 46;
	objects = {

/* Begin PBXBuildFile section */
		112E20091F38A4230011447D /* LoginViewController.swift in Sources */ = {isa = PBXBuildFile; fileRef = 112E20081F38A4230011447D /* LoginViewController.swift */; };
		112E200B1F38C9E10011447D /* GoogleService-Info.plist in Resources */ = {isa = PBXBuildFile; fileRef = 112E200A1F38C9E10011447D /* GoogleService-Info.plist */; };
		117E37D11F389BEA002F5740 /* AppDelegate.swift in Sources */ = {isa = PBXBuildFile; fileRef = 117E37D01F389BEA002F5740 /* AppDelegate.swift */; };
		117E37D31F389BEA002F5740 /* ViewController.swift in Sources */ = {isa = PBXBuildFile; fileRef = 117E37D21F389BEA002F5740 /* ViewController.swift */; };
		117E37D61F389BEA002F5740 /* Main.storyboard in Resources */ = {isa = PBXBuildFile; fileRef = 117E37D41F389BEA002F5740 /* Main.storyboard */; };
		117E37D81F389BEA002F5740 /* Assets.xcassets in Resources */ = {isa = PBXBuildFile; fileRef = 117E37D71F389BEA002F5740 /* Assets.xcassets */; };
		117E37DB1F389BEA002F5740 /* LaunchScreen.storyboard in Resources */ = {isa = PBXBuildFile; fileRef = 117E37D91F389BEA002F5740 /* LaunchScreen.storyboard */; };
		2BEE7955A56B033C8F5E774C /* Pods_ChatApp.framework in Frameworks */ = {isa = PBXBuildFile; fileRef = CF527F2F6CE49840A2405226 /* Pods_ChatApp.framework */; };
/* End PBXBuildFile section */

/* Begin PBXFileReference section */
		112E20081F38A4230011447D /* LoginViewController.swift */ = {isa = PBXFileReference; fileEncoding = 4; lastKnownFileType = sourcecode.swift; path = LoginViewController.swift; sourceTree = "<group>"; };
		112E200A1F38C9E10011447D /* GoogleService-Info.plist */ = {isa = PBXFileReference; fileEncoding = 4; lastKnownFileType = text.plist.xml; path = "GoogleService-Info.plist"; sourceTree = "<group>"; };
		117E37CD1F389BEA002F5740 /* ChatApp.app */ = {isa = PBXFileReference; explicitFileType = wrapper.application; includeInIndex = 0; path = ChatApp.app; sourceTree = BUILT_PRODUCTS_DIR; };
		117E37D01F389BEA002F5740 /* AppDelegate.swift */ = {isa = PBXFileReference; lastKnownFileType = sourcecode.swift; path = AppDelegate.swift; sourceTree = "<group>"; };
		117E37D21F389BEA002F5740 /* ViewController.swift */ = {isa = PBXFileReference; lastKnownFileType = sourcecode.swift; path = ViewController.swift; sourceTree = "<group>"; };
		117E37D51F389BEA002F5740 /* Base */ = {isa = PBXFileReference; lastKnownFileType = file.storyboard; name = Base; path = Base.lproj/Main.storyboard; sourceTree = "<group>"; };
		117E37D71F389BEA002F5740 /* Assets.xcassets */ = {isa = PBXFileReference; lastKnownFileType = folder.assetcatalog; path = Assets.xcassets; sourceTree = "<group>"; };
		117E37DA1F389BEA002F5740 /* Base */ = {isa = PBXFileReference; lastKnownFileType = file.storyboard; name = Base; path = Base.lproj/LaunchScreen.storyboard; sourceTree = "<group>"; };
		117E37DC1F389BEA002F5740 /* Info.plist */ = {isa = PBXFileReference; lastKnownFileType = text.plist.xml; path = Info.plist; sourceTree = "<group>"; };
		88B542DB9A19363036DAB5C9 /* Pods-ChatApp.debug.xcconfig */ = {isa = PBXFileReference; includeInIndex = 1; lastKnownFileType = text.xcconfig; name = "Pods-ChatApp.debug.xcconfig"; path = "Pods/Target Support Files/Pods-ChatApp/Pods-ChatApp.debug.xcconfig"; sourceTree = "<group>"; };
		A8612B08D6868AC462186100 /* Pods-ChatApp.release.xcconfig */ = {isa = PBXFileReference; includeInIndex = 1; lastKnownFileType = text.xcconfig; name = "Pods-ChatApp.release.xcconfig"; path = "Pods/Target Support Files/Pods-ChatApp/Pods-ChatApp.release.xcconfig"; sourceTree = "<group>"; };
		CF527F2F6CE49840A2405226 /* Pods_ChatApp.framework */ = {isa = PBXFileReference; explicitFileType = wrapper.framework; includeInIndex = 0; path = Pods_ChatApp.framework; sourceTree = BUILT_PRODUCTS_DIR; };
/* End PBXFileReference section */

/* Begin PBXFrameworksBuildPhase section */
		117E37CA1F389BEA002F5740 /* Frameworks */ = {
			isa = PBXFrameworksBuildPhase;
			buildActionMask = 2147483647;
			files = (
				2BEE7955A56B033C8F5E774C /* Pods_ChatApp.framework in Frameworks */,
			);
			runOnlyForDeploymentPostprocessing = 0;
		};
/* End PBXFrameworksBuildPhase section */

/* Begin PBXGroup section */
		112E20071F38A3EF0011447D /* Controller */ = {
			isa = PBXGroup;
			children = (
				112E20081F38A4230011447D /* LoginViewController.swift */,
				117E37D21F389BEA002F5740 /* ViewController.swift */,
			);
			name = Controller;
			sourceTree = "<group>";
		};
		117E37C41F389BEA002F5740 = {
			isa = PBXGroup;
			children = (
				117E37CF1F389BEA002F5740 /* ChatApp */,
				117E37CE1F389BEA002F5740 /* Products */,
				626D22102D4F428E78CABEAF /* Pods */,
				2478FC0FC0AFAFED4618EAAB /* Frameworks */,
			);
			sourceTree = "<group>";
		};
		117E37CE1F389BEA002F5740 /* Products */ = {
			isa = PBXGroup;
			children = (
				117E37CD1F389BEA002F5740 /* ChatApp.app */,
			);
			name = Products;
			sourceTree = "<group>";
		};
		117E37CF1F389BEA002F5740 /* ChatApp */ = {
			isa = PBXGroup;
			children = (
				112E20071F38A3EF0011447D /* Controller */,
				117E37D01F389BEA002F5740 /* AppDelegate.swift */,
				117E37D41F389BEA002F5740 /* Main.storyboard */,
				117E37D71F389BEA002F5740 /* Assets.xcassets */,
				117E37D91F389BEA002F5740 /* LaunchScreen.storyboard */,
				112E200A1F38C9E10011447D /* GoogleService-Info.plist */,
				117E37DC1F389BEA002F5740 /* Info.plist */,
			);
			path = ChatApp;
			sourceTree = "<group>";
		};
		2478FC0FC0AFAFED4618EAAB /* Frameworks */ = {
			isa = PBXGroup;
			children = (
				CF527F2F6CE49840A2405226 /* Pods_ChatApp.framework */,
			);
			name = Frameworks;
			sourceTree = "<group>";
		};
		626D22102D4F428E78CABEAF /* Pods */ = {
			isa = PBXGroup;
			children = (
				88B542DB9A19363036DAB5C9 /* Pods-ChatApp.debug.xcconfig */,
				A8612B08D6868AC462186100 /* Pods-ChatApp.release.xcconfig */,
			);
			name = Pods;
			sourceTree = "<group>";
		};
/* End PBXGroup section */

/* Begin PBXNativeTarget section */
		117E37CC1F389BEA002F5740 /* ChatApp */ = {
			isa = PBXNativeTarget;
			buildConfigurationList = 117E37DF1F389BEA002F5740 /* Build configuration list for PBXNativeTarget "ChatApp" */;
			buildPhases = (
				3A749A3F6163110EC268061D /* [CP] Check Pods Manifest.lock */,
				117E37C91F389BEA002F5740 /* Sources */,
				117E37CA1F389BEA002F5740 /* Frameworks */,
				117E37CB1F389BEA002F5740 /* Resources */,
				43DB741CFA976C1EFD6F1F8F /* [CP] Embed Pods Frameworks */,
				D45DE690DD58DE2413CA06F2 /* [CP] Copy Pods Resources */,
			);
			buildRules = (
			);
			dependencies = (
			);
			name = ChatApp;
			productName = ChatApp;
			productReference = 117E37CD1F389BEA002F5740 /* ChatApp.app */;
			productType = "com.apple.product-type.application";
		};
/* End PBXNativeTarget section */

/* Begin PBXProject section */
		117E37C51F389BEA002F5740 /* Project object */ = {
			isa = PBXProject;
			attributes = {
				LastSwiftUpdateCheck = 0830;
				LastUpgradeCheck = 0830;
				ORGANIZATIONNAME = "Daniel Oliveira";
				TargetAttributes = {
					117E37CC1F389BEA002F5740 = {
						CreatedOnToolsVersion = 8.3.3;
						DevelopmentTeam = W5849F638E;
						ProvisioningStyle = Automatic;
					};
				};
			};
			buildConfigurationList = 117E37C81F389BEA002F5740 /* Build configuration list for PBXProject "ChatApp" */;
			compatibilityVersion = "Xcode 3.2";
			developmentRegion = English;
			hasScannedForEncodings = 0;
			knownRegions = (
				en,
				Base,
			);
			mainGroup = 117E37C41F389BEA002F5740;
			productRefGroup = 117E37CE1F389BEA002F5740 /* Products */;
			projectDirPath = "";
			projectRoot = "";
			targets = (
				117E37CC1F389BEA002F5740 /* ChatApp */,
			);
		};
/* End PBXProject section */

/* Begin PBXResourcesBuildPhase section */
		117E37CB1F389BEA002F5740 /* Resources */ = {
			isa = PBXResourcesBuildPhase;
			buildActionMask = 2147483647;
			files = (
				117E37DB1F389BEA002F5740 /* LaunchScreen.storyboard in Resources */,
				112E200B1F38C9E10011447D /* GoogleService-Info.plist in Resources */,
				117E37D81F389BEA002F5740 /* Assets.xcassets in Resources */,
				117E37D61F389BEA002F5740 /* Main.storyboard in Resources */,
			);
			runOnlyForDeploymentPostprocessing = 0;
		};
/* End PBXResourcesBuildPhase section */

/* Begin PBXShellScriptBuildPhase section */
		3A749A3F6163110EC268061D /* [CP] Check Pods Manifest.lock */ = {
			isa = PBXShellScriptBuildPhase;
			buildActionMask = 2147483647;
			files = (
			);
			inputPaths = (
				"${PODS_PODFILE_DIR_PATH}/Podfile.lock",
				"${PODS_ROOT}/Manifest.lock",
			);
			name = "[CP] Check Pods Manifest.lock";
			outputPaths = (
				"$(DERIVED_FILE_DIR)/Pods-ChatApp-checkManifestLockResult.txt",
			);
			runOnlyForDeploymentPostprocessing = 0;
			shellPath = /bin/sh;
			shellScript = "diff \"${PODS_PODFILE_DIR_PATH}/Podfile.lock\" \"${PODS_ROOT}/Manifest.lock\" > /dev/null\nif [ $? != 0 ] ; then\n    # print error to STDERR\n    echo \"error: The sandbox is not in sync with the Podfile.lock. Run 'pod install' or update your CocoaPods installation.\" >&2\n    exit 1\nfi\n# This output is used by Xcode 'outputs' to avoid re-running this script phase.\necho \"SUCCESS\" > \"${SCRIPT_OUTPUT_FILE_0}\"\n";
			showEnvVarsInLog = 0;
		};
		43DB741CFA976C1EFD6F1F8F /* [CP] Embed Pods Frameworks */ = {
			isa = PBXShellScriptBuildPhase;
			buildActionMask = 2147483647;
			files = (
			);
			inputPaths = (
				"${SRCROOT}/Pods/Target Support Files/Pods-ChatApp/Pods-ChatApp-frameworks.sh",
				"${BUILT_PRODUCTS_DIR}/GTMSessionFetcher/GTMSessionFetcher.framework",
				"${BUILT_PRODUCTS_DIR}/GoogleToolboxForMac/GoogleToolboxForMac.framework",
				"${BUILT_PRODUCTS_DIR}/nanopb/nanopb.framework",
			);
			name = "[CP] Embed Pods Frameworks";
			outputPaths = (
				"${TARGET_BUILD_DIR}/${FRAMEWORKS_FOLDER_PATH}/GTMSessionFetcher.framework",
				"${TARGET_BUILD_DIR}/${FRAMEWORKS_FOLDER_PATH}/GoogleToolboxForMac.framework",
				"${TARGET_BUILD_DIR}/${FRAMEWORKS_FOLDER_PATH}/nanopb.framework",
			);
			runOnlyForDeploymentPostprocessing = 0;
			shellPath = /bin/sh;
			shellScript = "\"${SRCROOT}/Pods/Target Support Files/Pods-ChatApp/Pods-ChatApp-frameworks.sh\"\n";
			showEnvVarsInLog = 0;
		};
		D45DE690DD58DE2413CA06F2 /* [CP] Copy Pods Resources */ = {
			isa = PBXShellScriptBuildPhase;
			buildActionMask = 2147483647;
			files = (
			);
			inputPaths = (
			);
			name = "[CP] Copy Pods Resources";
			outputPaths = (
			);
			runOnlyForDeploymentPostprocessing = 0;
			shellPath = /bin/sh;
			shellScript = "\"${SRCROOT}/Pods/Target Support Files/Pods-ChatApp/Pods-ChatApp-resources.sh\"\n";
			showEnvVarsInLog = 0;
		};
/* End PBXShellScriptBuildPhase section */

/* Begin PBXSourcesBuildPhase section */
		117E37C91F389BEA002F5740 /* Sources */ = {
			isa = PBXSourcesBuildPhase;
			buildActionMask = 2147483647;
			files = (
				112E20091F38A4230011447D /* LoginViewController.swift in Sources */,
				117E37D31F389BEA002F5740 /* ViewController.swift in Sources */,
				117E37D11F389BEA002F5740 /* AppDelegate.swift in Sources */,
			);
			runOnlyForDeploymentPostprocessing = 0;
		};
/* End PBXSourcesBuildPhase section */

/* Begin PBXVariantGroup section */
		117E37D41F389BEA002F5740 /* Main.storyboard */ = {
			isa = PBXVariantGroup;
			children = (
				117E37D51F389BEA002F5740 /* Base */,
			);
			name = Main.storyboard;
			sourceTree = "<group>";
		};
		117E37D91F389BEA002F5740 /* LaunchScreen.storyboard */ = {
			isa = PBXVariantGroup;
			children = (
				117E37DA1F389BEA002F5740 /* Base */,
			);
			name = LaunchScreen.storyboard;
			sourceTree = "<group>";
		};
/* End PBXVariantGroup section */

/* Begin XCBuildConfiguration section */
		117E37DD1F389BEA002F5740 /* Debug */ = {
			isa = XCBuildConfiguration;
			buildSettings = {
				ALWAYS_SEARCH_USER_PATHS = NO;
				CLANG_ANALYZER_NONNULL = YES;
				CLANG_ANALYZER_NUMBER_OBJECT_CONVERSION = YES_AGGRESSIVE;
				CLANG_CXX_LANGUAGE_STANDARD = "gnu++0x";
				CLANG_CXX_LIBRARY = "libc++";
				CLANG_ENABLE_MODULES = YES;
				CLANG_ENABLE_OBJC_ARC = YES;
				CLANG_WARN_BOOL_CONVERSION = YES;
				CLANG_WARN_CONSTANT_CONVERSION = YES;
				CLANG_WARN_DIRECT_OBJC_ISA_USAGE = YES_ERROR;
				CLANG_WARN_DOCUMENTATION_COMMENTS = YES;
				CLANG_WARN_EMPTY_BODY = YES;
				CLANG_WARN_ENUM_CONVERSION = YES;
				CLANG_WARN_INFINITE_RECURSION = YES;
				CLANG_WARN_INT_CONVERSION = YES;
				CLANG_WARN_OBJC_ROOT_CLASS = YES_ERROR;
				CLANG_WARN_SUSPICIOUS_MOVE = YES;
				CLANG_WARN_UNREACHABLE_CODE = YES;
				CLANG_WARN__DUPLICATE_METHOD_MATCH = YES;
				"CODE_SIGN_IDENTITY[sdk=iphoneos*]" = "iPhone Developer";
				COPY_PHASE_STRIP = NO;
				DEBUG_INFORMATION_FORMAT = dwarf;
				ENABLE_STRICT_OBJC_MSGSEND = YES;
				ENABLE_TESTABILITY = YES;
				GCC_C_LANGUAGE_STANDARD = gnu99;
				GCC_DYNAMIC_NO_PIC = NO;
				GCC_NO_COMMON_BLOCKS = YES;
				GCC_OPTIMIZATION_LEVEL = 0;
				GCC_PREPROCESSOR_DEFINITIONS = (
					"DEBUG=1",
					"$(inherited)",
				);
				GCC_WARN_64_TO_32_BIT_CONVERSION = YES;
				GCC_WARN_ABOUT_RETURN_TYPE = YES_ERROR;
				GCC_WARN_UNDECLARED_SELECTOR = YES;
				GCC_WARN_UNINITIALIZED_AUTOS = YES_AGGRESSIVE;
				GCC_WARN_UNUSED_FUNCTION = YES;
				GCC_WARN_UNUSED_VARIABLE = YES;
				IPHONEOS_DEPLOYMENT_TARGET = 10.3;
				MTL_ENABLE_DEBUG_INFO = YES;
				ONLY_ACTIVE_ARCH = YES;
				SDKROOT = iphoneos;
				SWIFT_ACTIVE_COMPILATION_CONDITIONS = DEBUG;
				SWIFT_OPTIMIZATION_LEVEL = "-Onone";
			};
			name = Debug;
		};
		117E37DE1F389BEA002F5740 /* Release */ = {
			isa = XCBuildConfiguration;
			buildSettings = {
				ALWAYS_SEARCH_USER_PATHS = NO;
				CLANG_ANALYZER_NONNULL = YES;
				CLANG_ANALYZER_NUMBER_OBJECT_CONVERSION = YES_AGGRESSIVE;
				CLANG_CXX_LANGUAGE_STANDARD = "gnu++0x";
				CLANG_CXX_LIBRARY = "libc++";
				CLANG_ENABLE_MODULES = YES;
				CLANG_ENABLE_OBJC_ARC = YES;
				CLANG_WARN_BOOL_CONVERSION = YES;
				CLANG_WARN_CONSTANT_CONVERSION = YES;
				CLANG_WARN_DIRECT_OBJC_ISA_USAGE = YES_ERROR;
				CLANG_WARN_DOCUMENTATION_COMMENTS = YES;
				CLANG_WARN_EMPTY_BODY = YES;
				CLANG_WARN_ENUM_CONVERSION = YES;
				CLANG_WARN_INFINITE_RECURSION = YES;
				CLANG_WARN_INT_CONVERSION = YES;
				CLANG_WARN_OBJC_ROOT_CLASS = YES_ERROR;
				CLANG_WARN_SUSPICIOUS_MOVE = YES;
				CLANG_WARN_UNREACHABLE_CODE = YES;
				CLANG_WARN__DUPLICATE_METHOD_MATCH = YES;
				"CODE_SIGN_IDENTITY[sdk=iphoneos*]" = "iPhone Developer";
				COPY_PHASE_STRIP = NO;
				DEBUG_INFORMATION_FORMAT = "dwarf-with-dsym";
				ENABLE_NS_ASSERTIONS = NO;
				ENABLE_STRICT_OBJC_MSGSEND = YES;
				GCC_C_LANGUAGE_STANDARD = gnu99;
				GCC_NO_COMMON_BLOCKS = YES;
				GCC_WARN_64_TO_32_BIT_CONVERSION = YES;
				GCC_WARN_ABOUT_RETURN_TYPE = YES_ERROR;
				GCC_WARN_UNDECLARED_SELECTOR = YES;
				GCC_WARN_UNINITIALIZED_AUTOS = YES_AGGRESSIVE;
				GCC_WARN_UNUSED_FUNCTION = YES;
				GCC_WARN_UNUSED_VARIABLE = YES;
				IPHONEOS_DEPLOYMENT_TARGET = 10.3;
				MTL_ENABLE_DEBUG_INFO = NO;
				SDKROOT = iphoneos;
				SWIFT_OPTIMIZATION_LEVEL = "-Owholemodule";
				VALIDATE_PRODUCT = YES;
			};
			name = Release;
		};
		117E37E01F389BEA002F5740 /* Debug */ = {
			isa = XCBuildConfiguration;
			baseConfigurationReference = 88B542DB9A19363036DAB5C9 /* Pods-ChatApp.debug.xcconfig */;
			buildSettings = {
				ASSETCATALOG_COMPILER_APPICON_NAME = AppIcon;
				DEVELOPMENT_TEAM = W5849F638E;
				INFOPLIST_FILE = ChatApp/Info.plist;
				LD_RUNPATH_SEARCH_PATHS = "$(inherited) @executable_path/Frameworks";
				PRODUCT_BUNDLE_IDENTIFIER = com.danieloliveira.ChatApp;
				PRODUCT_NAME = "$(TARGET_NAME)";
				SWIFT_VERSION = 3.0;
			};
			name = Debug;
		};
		117E37E11F389BEA002F5740 /* Release */ = {
			isa = XCBuildConfiguration;
			baseConfigurationReference = A8612B08D6868AC462186100 /* Pods-ChatApp.release.xcconfig */;
			buildSettings = {
				ASSETCATALOG_COMPILER_APPICON_NAME = AppIcon;
				DEVELOPMENT_TEAM = W5849F638E;
				INFOPLIST_FILE = ChatApp/Info.plist;
				LD_RUNPATH_SEARCH_PATHS = "$(inherited) @executable_path/Frameworks";
				PRODUCT_BUNDLE_IDENTIFIER = com.danieloliveira.ChatApp;
				PRODUCT_NAME = "$(TARGET_NAME)";
				SWIFT_VERSION = 3.0;
			};
			name = Release;
		};
/* End XCBuildConfiguration section */

/* Begin XCConfigurationList section */
		117E37C81F389BEA002F5740 /* Build configuration list for PBXProject "ChatApp" */ = {
			isa = XCConfigurationList;
			buildConfigurations = (
				117E37DD1F389BEA002F5740 /* Debug */,
				117E37DE1F389BEA002F5740 /* Release */,
			);
			defaultConfigurationIsVisible = 0;
			defaultConfigurationName = Release;
		};
		117E37DF1F389BEA002F5740 /* Build configuration list for PBXNativeTarget "ChatApp" */ = {
			isa = XCConfigurationList;
			buildConfigurations = (
				117E37E01F389BEA002F5740 /* Debug */,
				117E37E11F389BEA002F5740 /* Release */,
			);
			defaultConfigurationIsVisible = 0;
			defaultConfigurationName = Release;
		};
/* End XCConfigurationList section */
	};
	rootObject = 117E37C51F389BEA002F5740 /* Project object */;
}
